// !$*UTF8*$!
{
	archiveVersion = 1;
	classes = {
	};
	objectVersion = 46;
	objects = {

/* Begin PBXBuildFile section */
		4D653CBC1713F8D200D5BEF9 /* UIKit.framework in Frameworks */ = {isa = PBXBuildFile; fileRef = 4D653CBB1713F8D200D5BEF9 /* UIKit.framework */; };
		4D653CBE1713F8D200D5BEF9 /* Foundation.framework in Frameworks */ = {isa = PBXBuildFile; fileRef = 4D653CBD1713F8D200D5BEF9 /* Foundation.framework */; };
		4D653CC01713F8D200D5BEF9 /* CoreGraphics.framework in Frameworks */ = {isa = PBXBuildFile; fileRef = 4D653CBF1713F8D200D5BEF9 /* CoreGraphics.framework */; };
		4D653CC61713F8D200D5BEF9 /* InfoPlist.strings in Resources */ = {isa = PBXBuildFile; fileRef = 4D653CC41713F8D200D5BEF9 /* InfoPlist.strings */; };
		4D653CC81713F8D200D5BEF9 /* main.m in Sources */ = {isa = PBXBuildFile; fileRef = 4D653CC71713F8D200D5BEF9 /* main.m */; };
		4D653CCC1713F8D200D5BEF9 /* SVAppDelegate.m in Sources */ = {isa = PBXBuildFile; fileRef = 4D653CCB1713F8D200D5BEF9 /* SVAppDelegate.m */; };
		4D653CCE1713F8D200D5BEF9 /* Default.png in Resources */ = {isa = PBXBuildFile; fileRef = 4D653CCD1713F8D200D5BEF9 /* Default.png */; };
		4D653CD01713F8D200D5BEF9 /* Default@2x.png in Resources */ = {isa = PBXBuildFile; fileRef = 4D653CCF1713F8D200D5BEF9 /* Default@2x.png */; };
		4D653CD21713F8D200D5BEF9 /* Default-568h@2x.png in Resources */ = {isa = PBXBuildFile; fileRef = 4D653CD11713F8D200D5BEF9 /* Default-568h@2x.png */; };
		4D653CDA1713F8FE00D5BEF9 /* SVRootController.m in Sources */ = {isa = PBXBuildFile; fileRef = 4D653CD91713F8FE00D5BEF9 /* SVRootController.m */; };
		4D653CDD1713F95C00D5BEF9 /* SVCameraOverlayController.m in Sources */ = {isa = PBXBuildFile; fileRef = 4D653CDC1713F95C00D5BEF9 /* SVCameraOverlayController.m */; };
		4D653CE01713F97400D5BEF9 /* SVCameraPreviewController.m in Sources */ = {isa = PBXBuildFile; fileRef = 4D653CDF1713F97400D5BEF9 /* SVCameraPreviewController.m */; };
		4D653CE31714006300D5BEF9 /* SVCameraFinderView.m in Sources */ = {isa = PBXBuildFile; fileRef = 4D653CE21714006300D5BEF9 /* SVCameraFinderView.m */; };
		4D653CE8171403B500D5BEF9 /* MobileCoreServices.framework in Frameworks */ = {isa = PBXBuildFile; fileRef = 4D653CE6171403A800D5BEF9 /* MobileCoreServices.framework */; };
/* End PBXBuildFile section */

/* Begin PBXFileReference section */
		4D653CB81713F8D200D5BEF9 /* CameraViewFinder.app */ = {isa = PBXFileReference; explicitFileType = wrapper.application; includeInIndex = 0; path = CameraViewFinder.app; sourceTree = BUILT_PRODUCTS_DIR; };
		4D653CBB1713F8D200D5BEF9 /* UIKit.framework */ = {isa = PBXFileReference; lastKnownFileType = wrapper.framework; name = UIKit.framework; path = System/Library/Frameworks/UIKit.framework; sourceTree = SDKROOT; };
		4D653CBD1713F8D200D5BEF9 /* Foundation.framework */ = {isa = PBXFileReference; lastKnownFileType = wrapper.framework; name = Foundation.framework; path = System/Library/Frameworks/Foundation.framework; sourceTree = SDKROOT; };
		4D653CBF1713F8D200D5BEF9 /* CoreGraphics.framework */ = {isa = PBXFileReference; lastKnownFileType = wrapper.framework; name = CoreGraphics.framework; path = System/Library/Frameworks/CoreGraphics.framework; sourceTree = SDKROOT; };
		4D653CC31713F8D200D5BEF9 /* CameraViewFinder-Info.plist */ = {isa = PBXFileReference; lastKnownFileType = text.plist.xml; path = "CameraViewFinder-Info.plist"; sourceTree = "<group>"; };
		4D653CC51713F8D200D5BEF9 /* en */ = {isa = PBXFileReference; lastKnownFileType = text.plist.strings; name = en; path = en.lproj/InfoPlist.strings; sourceTree = "<group>"; };
		4D653CC71713F8D200D5BEF9 /* main.m */ = {isa = PBXFileReference; lastKnownFileType = sourcecode.c.objc; path = main.m; sourceTree = "<group>"; };
		4D653CC91713F8D200D5BEF9 /* CameraViewFinder-Prefix.pch */ = {isa = PBXFileReference; lastKnownFileType = sourcecode.c.h; path = "CameraViewFinder-Prefix.pch"; sourceTree = "<group>"; };
		4D653CCA1713F8D200D5BEF9 /* SVAppDelegate.h */ = {isa = PBXFileReference; lastKnownFileType = sourcecode.c.h; path = SVAppDelegate.h; sourceTree = "<group>"; };
		4D653CCB1713F8D200D5BEF9 /* SVAppDelegate.m */ = {isa = PBXFileReference; lastKnownFileType = sourcecode.c.objc; path = SVAppDelegate.m; sourceTree = "<group>"; };
		4D653CCD1713F8D200D5BEF9 /* Default.png */ = {isa = PBXFileReference; lastKnownFileType = image.png; path = Default.png; sourceTree = "<group>"; };
		4D653CCF1713F8D200D5BEF9 /* Default@2x.png */ = {isa = PBXFileReference; lastKnownFileType = image.png; path = "Default@2x.png"; sourceTree = "<group>"; };
		4D653CD11713F8D200D5BEF9 /* Default-568h@2x.png */ = {isa = PBXFileReference; lastKnownFileType = image.png; path = "Default-568h@2x.png"; sourceTree = "<group>"; };
		4D653CD81713F8FE00D5BEF9 /* SVRootController.h */ = {isa = PBXFileReference; fileEncoding = 4; lastKnownFileType = sourcecode.c.h; path = SVRootController.h; sourceTree = "<group>"; };
		4D653CD91713F8FE00D5BEF9 /* SVRootController.m */ = {isa = PBXFileReference; fileEncoding = 4; lastKnownFileType = sourcecode.c.objc; path = SVRootController.m; sourceTree = "<group>"; };
		4D653CDB1713F95C00D5BEF9 /* SVCameraOverlayController.h */ = {isa = PBXFileReference; fileEncoding = 4; lastKnownFileType = sourcecode.c.h; path = SVCameraOverlayController.h; sourceTree = "<group>"; };
		4D653CDC1713F95C00D5BEF9 /* SVCameraOverlayController.m */ = {isa = PBXFileReference; fileEncoding = 4; lastKnownFileType = sourcecode.c.objc; path = SVCameraOverlayController.m; sourceTree = "<group>"; };
		4D653CDE1713F97400D5BEF9 /* SVCameraPreviewController.h */ = {isa = PBXFileReference; fileEncoding = 4; lastKnownFileType = sourcecode.c.h; path = SVCameraPreviewController.h; sourceTree = "<group>"; };
		4D653CDF1713F97400D5BEF9 /* SVCameraPreviewController.m */ = {isa = PBXFileReference; fileEncoding = 4; lastKnownFileType = sourcecode.c.objc; path = SVCameraPreviewController.m; sourceTree = "<group>"; };
		4D653CE11714006300D5BEF9 /* SVCameraFinderView.h */ = {isa = PBXFileReference; fileEncoding = 4; lastKnownFileType = sourcecode.c.h; path = SVCameraFinderView.h; sourceTree = "<group>"; };
		4D653CE21714006300D5BEF9 /* SVCameraFinderView.m */ = {isa = PBXFileReference; fileEncoding = 4; lastKnownFileType = sourcecode.c.objc; path = SVCameraFinderView.m; sourceTree = "<group>"; };
		4D653CE6171403A800D5BEF9 /* MobileCoreServices.framework */ = {isa = PBXFileReference; lastKnownFileType = wrapper.framework; name = MobileCoreServices.framework; path = System/Library/Frameworks/MobileCoreServices.framework; sourceTree = SDKROOT; };
/* End PBXFileReference section */

/* Begin PBXFrameworksBuildPhase section */
		4D653CB51713F8D200D5BEF9 /* Frameworks */ = {
			isa = PBXFrameworksBuildPhase;
			buildActionMask = 2147483647;
			files = (
				4D653CE8171403B500D5BEF9 /* MobileCoreServices.framework in Frameworks */,
				4D653CBC1713F8D200D5BEF9 /* UIKit.framework in Frameworks */,
				4D653CBE1713F8D200D5BEF9 /* Foundation.framework in Frameworks */,
				4D653CC01713F8D200D5BEF9 /* CoreGraphics.framework in Frameworks */,
			);
			runOnlyForDeploymentPostprocessing = 0;
		};
/* End PBXFrameworksBuildPhase section */

/* Begin PBXGroup section */
		4D653CAF1713F8D200D5BEF9 = {
			isa = PBXGroup;
			children = (
				4D653CC11713F8D200D5BEF9 /* CameraViewFinder */,
				4D653CBA1713F8D200D5BEF9 /* Frameworks */,
				4D653CB91713F8D200D5BEF9 /* Products */,
			);
			sourceTree = "<group>";
		};
		4D653CB91713F8D200D5BEF9 /* Products */ = {
			isa = PBXGroup;
			children = (
				4D653CB81713F8D200D5BEF9 /* CameraViewFinder.app */,
			);
			name = Products;
			sourceTree = "<group>";
		};
		4D653CBA1713F8D200D5BEF9 /* Frameworks */ = {
			isa = PBXGroup;
			children = (
				4D653CE6171403A800D5BEF9 /* MobileCoreServices.framework */,
				4D653CBB1713F8D200D5BEF9 /* UIKit.framework */,
				4D653CBD1713F8D200D5BEF9 /* Foundation.framework */,
				4D653CBF1713F8D200D5BEF9 /* CoreGraphics.framework */,
			);
			name = Frameworks;
			sourceTree = "<group>";
		};
		4D653CC11713F8D200D5BEF9 /* CameraViewFinder */ = {
			isa = PBXGroup;
			children = (
				4D653CE41714006D00D5BEF9 /* Controllers */,
				4D653CE51714007100D5BEF9 /* Views */,
				4D653CC21713F8D200D5BEF9 /* Supporting Files */,
			);
			path = CameraViewFinder;
			sourceTree = "<group>";
		};
		4D653CC21713F8D200D5BEF9 /* Supporting Files */ = {
			isa = PBXGroup;
			children = (
				4D653CC31713F8D200D5BEF9 /* CameraViewFinder-Info.plist */,
				4D653CC41713F8D200D5BEF9 /* InfoPlist.strings */,
				4D653CC71713F8D200D5BEF9 /* main.m */,
				4D653CC91713F8D200D5BEF9 /* CameraViewFinder-Prefix.pch */,
				4D653CCD1713F8D200D5BEF9 /* Default.png */,
				4D653CCF1713F8D200D5BEF9 /* Default@2x.png */,
				4D653CD11713F8D200D5BEF9 /* Default-568h@2x.png */,
			);
			name = "Supporting Files";
			sourceTree = "<group>";
		};
		4D653CE41714006D00D5BEF9 /* Controllers */ = {
			isa = PBXGroup;
			children = (
				4D653CCA1713F8D200D5BEF9 /* SVAppDelegate.h */,
				4D653CCB1713F8D200D5BEF9 /* SVAppDelegate.m */,
				4D653CD81713F8FE00D5BEF9 /* SVRootController.h */,
				4D653CD91713F8FE00D5BEF9 /* SVRootController.m */,
				4D653CDB1713F95C00D5BEF9 /* SVCameraOverlayController.h */,
				4D653CDC1713F95C00D5BEF9 /* SVCameraOverlayController.m */,
				4D653CDE1713F97400D5BEF9 /* SVCameraPreviewController.h */,
				4D653CDF1713F97400D5BEF9 /* SVCameraPreviewController.m */,
			);
			name = Controllers;
			sourceTree = "<group>";
		};
		4D653CE51714007100D5BEF9 /* Views */ = {
			isa = PBXGroup;
			children = (
				4D653CE11714006300D5BEF9 /* SVCameraFinderView.h */,
				4D653CE21714006300D5BEF9 /* SVCameraFinderView.m */,
			);
			name = Views;
			sourceTree = "<group>";
		};
/* End PBXGroup section */

/* Begin PBXNativeTarget section */
		4D653CB71713F8D200D5BEF9 /* CameraViewFinder */ = {
			isa = PBXNativeTarget;
			buildConfigurationList = 4D653CD51713F8D200D5BEF9 /* Build configuration list for PBXNativeTarget "CameraViewFinder" */;
			buildPhases = (
				4D653CB41713F8D200D5BEF9 /* Sources */,
				4D653CB51713F8D200D5BEF9 /* Frameworks */,
				4D653CB61713F8D200D5BEF9 /* Resources */,
			);
			buildRules = (
			);
			dependencies = (
			);
			name = CameraViewFinder;
			productName = CameraViewFinder;
			productReference = 4D653CB81713F8D200D5BEF9 /* CameraViewFinder.app */;
			productType = "com.apple.product-type.application";
		};
/* End PBXNativeTarget section */

/* Begin PBXProject section */
		4D653CB01713F8D200D5BEF9 /* Project object */ = {
			isa = PBXProject;
			attributes = {
				CLASSPREFIX = SV;
				LastUpgradeCheck = 0460;
				ORGANIZATIONNAME = "Sébastien Villar";
			};
			buildConfigurationList = 4D653CB31713F8D200D5BEF9 /* Build configuration list for PBXProject "CameraViewFinder" */;
			compatibilityVersion = "Xcode 3.2";
			developmentRegion = English;
			hasScannedForEncodings = 0;
			knownRegions = (
				en,
			);
			mainGroup = 4D653CAF1713F8D200D5BEF9;
			productRefGroup = 4D653CB91713F8D200D5BEF9 /* Products */;
			projectDirPath = "";
			projectRoot = "";
			targets = (
				4D653CB71713F8D200D5BEF9 /* CameraViewFinder */,
			);
		};
/* End PBXProject section */

/* Begin PBXResourcesBuildPhase section */
		4D653CB61713F8D200D5BEF9 /* Resources */ = {
			isa = PBXResourcesBuildPhase;
			buildActionMask = 2147483647;
			files = (
				4D653CC61713F8D200D5BEF9 /* InfoPlist.strings in Resources */,
				4D653CCE1713F8D200D5BEF9 /* Default.png in Resources */,
				4D653CD01713F8D200D5BEF9 /* Default@2x.png in Resources */,
				4D653CD21713F8D200D5BEF9 /* Default-568h@2x.png in Resources */,
			);
			runOnlyForDeploymentPostprocessing = 0;
		};
/* End PBXResourcesBuildPhase section */

/* Begin PBXSourcesBuildPhase section */
		4D653CB41713F8D200D5BEF9 /* Sources */ = {
			isa = PBXSourcesBuildPhase;
			buildActionMask = 2147483647;
			files = (
				4D653CC81713F8D200D5BEF9 /* main.m in Sources */,
				4D653CCC1713F8D200D5BEF9 /* SVAppDelegate.m in Sources */,
				4D653CDA1713F8FE00D5BEF9 /* SVRootController.m in Sources */,
				4D653CDD1713F95C00D5BEF9 /* SVCameraOverlayController.m in Sources */,
				4D653CE01713F97400D5BEF9 /* SVCameraPreviewController.m in Sources */,
				4D653CE31714006300D5BEF9 /* SVCameraFinderView.m in Sources */,
			);
			runOnlyForDeploymentPostprocessing = 0;
		};
/* End PBXSourcesBuildPhase section */

/* Begin PBXVariantGroup section */
		4D653CC41713F8D200D5BEF9 /* InfoPlist.strings */ = {
			isa = PBXVariantGroup;
			children = (
				4D653CC51713F8D200D5BEF9 /* en */,
			);
			name = InfoPlist.strings;
			sourceTree = "<group>";
		};
/* End PBXVariantGroup section */

/* Begin XCBuildConfiguration section */
		4D653CD31713F8D200D5BEF9 /* Debug */ = {
			isa = XCBuildConfiguration;
			buildSettings = {
				ALWAYS_SEARCH_USER_PATHS = NO;
				CLANG_CXX_LANGUAGE_STANDARD = "gnu++0x";
				CLANG_CXX_LIBRARY = "libc++";
				CLANG_ENABLE_OBJC_ARC = YES;
				CLANG_WARN_CONSTANT_CONVERSION = YES;
				CLANG_WARN_EMPTY_BODY = YES;
				CLANG_WARN_ENUM_CONVERSION = YES;
				CLANG_WARN_INT_CONVERSION = YES;
				CLANG_WARN__DUPLICATE_METHOD_MATCH = YES;
				"CODE_SIGN_IDENTITY[sdk=iphoneos*]" = "iPhone Developer";
				COPY_PHASE_STRIP = NO;
				GCC_C_LANGUAGE_STANDARD = gnu99;
				GCC_DYNAMIC_NO_PIC = NO;
				GCC_OPTIMIZATION_LEVEL = 0;
				GCC_PREPROCESSOR_DEFINITIONS = (
					"DEBUG=1",
					"$(inherited)",
				);
				GCC_SYMBOLS_PRIVATE_EXTERN = NO;
				GCC_WARN_ABOUT_RETURN_TYPE = YES;
				GCC_WARN_UNINITIALIZED_AUTOS = YES;
				GCC_WARN_UNUSED_VARIABLE = YES;
				IPHONEOS_DEPLOYMENT_TARGET = 6.1;
				ONLY_ACTIVE_ARCH = YES;
				SDKROOT = iphoneos;
			};
			name = Debug;
		};
		4D653CD41713F8D200D5BEF9 /* Release */ = {
			isa = XCBuildConfiguration;
			buildSettings = {
				ALWAYS_SEARCH_USER_PATHS = NO;
				CLANG_CXX_LANGUAGE_STANDARD = "gnu++0x";
				CLANG_CXX_LIBRARY = "libc++";
				CLANG_ENABLE_OBJC_ARC = YES;
				CLANG_WARN_CONSTANT_CONVERSION = YES;
				CLANG_WARN_EMPTY_BODY = YES;
				CLANG_WARN_ENUM_CONVERSION = YES;
				CLANG_WARN_INT_CONVERSION = YES;
				CLANG_WARN__DUPLICATE_METHOD_MATCH = YES;
				"CODE_SIGN_IDENTITY[sdk=iphoneos*]" = "iPhone Developer";
				COPY_PHASE_STRIP = YES;
				GCC_C_LANGUAGE_STANDARD = gnu99;
				GCC_WARN_ABOUT_RETURN_TYPE = YES;
				GCC_WARN_UNINITIALIZED_AUTOS = YES;
				GCC_WARN_UNUSED_VARIABLE = YES;
				IPHONEOS_DEPLOYMENT_TARGET = 6.1;
				OTHER_CFLAGS = "-DNS_BLOCK_ASSERTIONS=1";
				SDKROOT = iphoneos;
				VALIDATE_PRODUCT = YES;
			};
			name = Release;
		};
		4D653CD61713F8D200D5BEF9 /* Debug */ = {
			isa = XCBuildConfiguration;
			buildSettings = {
				GCC_PRECOMPILE_PREFIX_HEADER = YES;
				GCC_PREFIX_HEADER = "CameraViewFinder/CameraViewFinder-Prefix.pch";
				INFOPLIST_FILE = "CameraViewFinder/CameraViewFinder-Info.plist";
				PRODUCT_NAME = "$(TARGET_NAME)";
				WRAPPER_EXTENSION = app;
			};
			name = Debug;
		};
		4D653CD71713F8D200D5BEF9 /* Release */ = {
			isa = XCBuildConfiguration;
			buildSettings = {
				GCC_PRECOMPILE_PREFIX_HEADER = YES;
				GCC_PREFIX_HEADER = "CameraViewFinder/CameraViewFinder-Prefix.pch";
				INFOPLIST_FILE = "CameraViewFinder/CameraViewFinder-Info.plist";
				PRODUCT_NAME = "$(TARGET_NAME)";
				WRAPPER_EXTENSION = app;
			};
			name = Release;
		};
/* End XCBuildConfiguration section */

/* Begin XCConfigurationList section */
		4D653CB31713F8D200D5BEF9 /* Build configuration list for PBXProject "CameraViewFinder" */ = {
			isa = XCConfigurationList;
			buildConfigurations = (
				4D653CD31713F8D200D5BEF9 /* Debug */,
				4D653CD41713F8D200D5BEF9 /* Release */,
			);
			defaultConfigurationIsVisible = 0;
			defaultConfigurationName = Release;
		};
		4D653CD51713F8D200D5BEF9 /* Build configuration list for PBXNativeTarget "CameraViewFinder" */ = {
			isa = XCConfigurationList;
			buildConfigurations = (
				4D653CD61713F8D200D5BEF9 /* Debug */,
				4D653CD71713F8D200D5BEF9 /* Release */,
			);
			defaultConfigurationIsVisible = 0;
			defaultConfigurationName = Release;
		};
/* End XCConfigurationList section */
	};
	rootObject = 4D653CB01713F8D200D5BEF9 /* Project object */;
}
